
Microsoft Visual Studio Solution File, Format Version 12.00
# Visual Studio 2012
Project("{FAE04EC0-301F-11D3-BF4B-00C04F79EFBC}") = "MS-App-Center", "MS-App-Center\MS-App-Center.csproj", "{EFDF2133-BFFF-417D-BBC6-D1A61404EB5F}"
EndProject
Project("{FAE04EC0-301F-11D3-BF4B-00C04F79EFBC}") = "MS-App-Center.iOS", "iOS\MS-App-Center.iOS.csproj", "{B63B633D-7B27-4CFF-A15D-C6FC3E5EE26A}"
EndProject
Project("{FAE04EC0-301F-11D3-BF4B-00C04F79EFBC}") = "MS-App-Center.Droid", "Droid\MS-App-Center.Droid.csproj", "{AFA24EBB-5ECD-4F20-8472-AD89C047A3F3}"
EndProject
Global
	GlobalSection(SolutionConfigurationPlatforms) = preSolution
		Debug|Any CPU = Debug|Any CPU
		Release|Any CPU = Release|Any CPU
		Debug|iPhoneSimulator = Debug|iPhoneSimulator
		Release|iPhone = Release|iPhone
		Release|iPhoneSimulator = Release|iPhoneSimulator
		Debug|iPhone = Debug|iPhone
	EndGlobalSection
	GlobalSection(ProjectConfigurationPlatforms) = postSolution
		{EFDF2133-BFFF-417D-BBC6-D1A61404EB5F}.Debug|Any CPU.ActiveCfg = Debug|Any CPU
		{EFDF2133-BFFF-417D-BBC6-D1A61404EB5F}.Debug|Any CPU.Build.0 = Debug|Any CPU
		{EFDF2133-BFFF-417D-BBC6-D1A61404EB5F}.Release|Any CPU.ActiveCfg = Release|Any CPU
		{EFDF2133-BFFF-417D-BBC6-D1A61404EB5F}.Release|Any CPU.Build.0 = Release|Any CPU
		{EFDF2133-BFFF-417D-BBC6-D1A61404EB5F}.Debug|iPhoneSimulator.ActiveCfg = Debug|Any CPU
		{EFDF2133-BFFF-417D-BBC6-D1A61404EB5F}.Debug|iPhoneSimulator.Build.0 = Debug|Any CPU
		{EFDF2133-BFFF-417D-BBC6-D1A61404EB5F}.Release|iPhone.ActiveCfg = Release|Any CPU
		{EFDF2133-BFFF-417D-BBC6-D1A61404EB5F}.Release|iPhone.Build.0 = Release|Any CPU
		{EFDF2133-BFFF-417D-BBC6-D1A61404EB5F}.Release|iPhoneSimulator.ActiveCfg = Release|Any CPU
		{EFDF2133-BFFF-417D-BBC6-D1A61404EB5F}.Release|iPhoneSimulator.Build.0 = Release|Any CPU
		{EFDF2133-BFFF-417D-BBC6-D1A61404EB5F}.Debug|iPhone.ActiveCfg = Debug|Any CPU
		{EFDF2133-BFFF-417D-BBC6-D1A61404EB5F}.Debug|iPhone.Build.0 = Debug|Any CPU
		{B63B633D-7B27-4CFF-A15D-C6FC3E5EE26A}.Debug|Any CPU.ActiveCfg = Debug|iPhoneSimulator
		{B63B633D-7B27-4CFF-A15D-C6FC3E5EE26A}.Debug|Any CPU.Build.0 = Debug|iPhoneSimulator
		{B63B633D-7B27-4CFF-A15D-C6FC3E5EE26A}.Release|Any CPU.ActiveCfg = Release|iPhone
		{B63B633D-7B27-4CFF-A15D-C6FC3E5EE26A}.Release|Any CPU.Build.0 = Release|iPhone
		{B63B633D-7B27-4CFF-A15D-C6FC3E5EE26A}.Debug|iPhoneSimulator.ActiveCfg = Debug|iPhoneSimulator
		{B63B633D-7B27-4CFF-A15D-C6FC3E5EE26A}.Debug|iPhoneSimulator.Build.0 = Debug|iPhoneSimulator
		{B63B633D-7B27-4CFF-A15D-C6FC3E5EE26A}.Release|iPhone.ActiveCfg = Release|iPhone
		{B63B633D-7B27-4CFF-A15D-C6FC3E5EE26A}.Release|iPhone.Build.0 = Release|iPhone
		{B63B633D-7B27-4CFF-A15D-C6FC3E5EE26A}.Release|iPhoneSimulator.ActiveCfg = Release|iPhoneSimulator
		{B63B633D-7B27-4CFF-A15D-C6FC3E5EE26A}.Release|iPhoneSimulator.Build.0 = Release|iPhoneSimulator
		{B63B633D-7B27-4CFF-A15D-C6FC3E5EE26A}.Debug|iPhone.ActiveCfg = Debug|iPhone
		{B63B633D-7B27-4CFF-A15D-C6FC3E5EE26A}.Debug|iPhone.Build.0 = Debug|iPhone
		{AFA24EBB-5ECD-4F20-8472-AD89C047A3F3}.Debug|Any CPU.ActiveCfg = Debug|Any CPU
		{AFA24EBB-5ECD-4F20-8472-AD89C047A3F3}.Debug|Any CPU.Build.0 = Debug|Any CPU
		{AFA24EBB-5ECD-4F20-8472-AD89C047A3F3}.Release|Any CPU.ActiveCfg = Release|Any CPU
		{AFA24EBB-5ECD-4F20-8472-AD89C047A3F3}.Release|Any CPU.Build.0 = Release|Any CPU
		{AFA24EBB-5ECD-4F20-8472-AD89C047A3F3}.Debug|iPhoneSimulator.ActiveCfg = Debug|Any CPU
		{AFA24EBB-5ECD-4F20-8472-AD89C047A3F3}.Debug|iPhoneSimulator.Build.0 = Debug|Any CPU
		{AFA24EBB-5ECD-4F20-8472-AD89C047A3F3}.Release|iPhone.ActiveCfg = Release|Any CPU
		{AFA24EBB-5ECD-4F20-8472-AD89C047A3F3}.Release|iPhone.Build.0 = Release|Any CPU
		{AFA24EBB-5ECD-4F20-8472-AD89C047A3F3}.Release|iPhoneSimulator.ActiveCfg = Release|Any CPU
		{AFA24EBB-5ECD-4F20-8472-AD89C047A3F3}.Release|iPhoneSimulator.Build.0 = Release|Any CPU
		{AFA24EBB-5ECD-4F20-8472-AD89C047A3F3}.Debug|iPhone.ActiveCfg = Debug|Any CPU
		{AFA24EBB-5ECD-4F20-8472-AD89C047A3F3}.Debug|iPhone.Build.0 = Debug|Any CPU
	EndGlobalSection
EndGlobal
